
Microsoft Visual Studio Solution File, Format Version 12.00
# Visual Studio 15
VisualStudioVersion = 15.0.27130.2020
MinimumVisualStudioVersion = 10.0.40219.1
Project("{FAE04EC0-301F-11D3-BF4B-00C04F79EFBC}") = "iS3-Desktop", "IS3-Desktop\iS3-Desktop.csproj", "{27E8435C-B314-434A-BB39-57CB53AC3A09}"
EndProject
Project("{FAE04EC0-301F-11D3-BF4B-00C04F79EFBC}") = "iS3-Core", "..\IS3-Core\IS3-Core\iS3-Core.csproj", "{4B8B162C-3658-4FCC-AB41-C0C85A7DB281}"
EndProject
Project("{FAE04EC0-301F-11D3-BF4B-00C04F79EFBC}") = "iS3-ArcGIS", "..\IS3-ArcGIS\iS3-ArcGIS.csproj", "{3E9A8DED-38B8-4050-849C-08957AEB5FBF}"
EndProject
Project("{FAE04EC0-301F-11D3-BF4B-00C04F79EFBC}") = "iS3-Geology", "..\IS3-Extensions\IS3-Geology\iS3-Geology.csproj", "{C88A7984-B96D-49A7-80A9-23AB3D0B5EF4}"
EndProject
Project("{FAE04EC0-301F-11D3-BF4B-00C04F79EFBC}") = "iS3-Control", "IS3-Control\iS3-Control.csproj", "{D6656AFF-C6EE-43B2-B471-4C938870E132}"
EndProject
Project("{FAE04EC0-301F-11D3-BF4B-00C04F79EFBC}") = "iS3-Monitoring", "..\IS3-Extensions\IS3-MonitoringNew\iS3-Monitoring.csproj", "{579CC1C5-F17B-485F-A84B-413574E21878}"
EndProject
Project("{FAE04EC0-301F-11D3-BF4B-00C04F79EFBC}") = "iS3-SimpleGeologyTools", "..\IS3-Tools\IS3-SimpleGeologyTools\iS3-SimpleGeologyTools.csproj", "{F4929EFD-50C6-4BF9-8B13-4F11EC9B54CA}"
EndProject
Project("{FAE04EC0-301F-11D3-BF4B-00C04F79EFBC}") = "UnityCore", "..\UnityCore\UnityCore\UnityCore\UnityCore.csproj", "{AC9A8886-A523-44B8-B10F-430627F9A123}"
EndProject
Global
	GlobalSection(SolutionConfigurationPlatforms) = preSolution
		Debug|Any CPU = Debug|Any CPU
		Debug|x64 = Debug|x64
		Debug|x86 = Debug|x86
		Release|Any CPU = Release|Any CPU
		Release|x64 = Release|x64
		Release|x86 = Release|x86
	EndGlobalSection
	GlobalSection(ProjectConfigurationPlatforms) = postSolution
		{27E8435C-B314-434A-BB39-57CB53AC3A09}.Debug|Any CPU.ActiveCfg = Debug|Any CPU
		{27E8435C-B314-434A-BB39-57CB53AC3A09}.Debug|Any CPU.Build.0 = Debug|Any CPU
		{27E8435C-B314-434A-BB39-57CB53AC3A09}.Debug|x64.ActiveCfg = Debug|x86
		{27E8435C-B314-434A-BB39-57CB53AC3A09}.Debug|x64.Build.0 = Debug|x86
		{27E8435C-B314-434A-BB39-57CB53AC3A09}.Debug|x86.ActiveCfg = Debug|x86
		{27E8435C-B314-434A-BB39-57CB53AC3A09}.Debug|x86.Build.0 = Debug|x86
		{27E8435C-B314-434A-BB39-57CB53AC3A09}.Release|Any CPU.ActiveCfg = Release|Any CPU
		{27E8435C-B314-434A-BB39-57CB53AC3A09}.Release|Any CPU.Build.0 = Release|Any CPU
		{27E8435C-B314-434A-BB39-57CB53AC3A09}.Release|x64.ActiveCfg = Release|Any CPU
		{27E8435C-B314-434A-BB39-57CB53AC3A09}.Release|x64.Build.0 = Release|Any CPU
		{27E8435C-B314-434A-BB39-57CB53AC3A09}.Release|x86.ActiveCfg = Release|x86
		{27E8435C-B314-434A-BB39-57CB53AC3A09}.Release|x86.Build.0 = Release|x86
		{4B8B162C-3658-4FCC-AB41-C0C85A7DB281}.Debug|Any CPU.ActiveCfg = Debug|Any CPU
		{4B8B162C-3658-4FCC-AB41-C0C85A7DB281}.Debug|Any CPU.Build.0 = Debug|Any CPU
		{4B8B162C-3658-4FCC-AB41-C0C85A7DB281}.Debug|x64.ActiveCfg = Debug|Any CPU
		{4B8B162C-3658-4FCC-AB41-C0C85A7DB281}.Debug|x64.Build.0 = Debug|Any CPU
		{4B8B162C-3658-4FCC-AB41-C0C85A7DB281}.Debug|x86.ActiveCfg = Debug|Any CPU
		{4B8B162C-3658-4FCC-AB41-C0C85A7DB281}.Debug|x86.Build.0 = Debug|Any CPU
		{4B8B162C-3658-4FCC-AB41-C0C85A7DB281}.Release|Any CPU.ActiveCfg = Release|Any CPU
		{4B8B162C-3658-4FCC-AB41-C0C85A7DB281}.Release|Any CPU.Build.0 = Release|Any CPU
		{4B8B162C-3658-4FCC-AB41-C0C85A7DB281}.Release|x64.ActiveCfg = Release|x64
		{4B8B162C-3658-4FCC-AB41-C0C85A7DB281}.Release|x64.Build.0 = Release|x64
		{4B8B162C-3658-4FCC-AB41-C0C85A7DB281}.Release|x86.ActiveCfg = Release|Any CPU
		{4B8B162C-3658-4FCC-AB41-C0C85A7DB281}.Release|x86.Build.0 = Release|Any CPU
		{3E9A8DED-38B8-4050-849C-08957AEB5FBF}.Debug|Any CPU.ActiveCfg = Debug|Any CPU
		{3E9A8DED-38B8-4050-849C-08957AEB5FBF}.Debug|Any CPU.Build.0 = Debug|Any CPU
		{3E9A8DED-38B8-4050-849C-08957AEB5FBF}.Debug|x64.ActiveCfg = Debug|Any CPU
		{3E9A8DED-38B8-4050-849C-08957AEB5FBF}.Debug|x64.Build.0 = Debug|Any CPU
		{3E9A8DED-38B8-4050-849C-08957AEB5FBF}.Debug|x86.ActiveCfg = Debug|Any CPU
		{3E9A8DED-38B8-4050-849C-08957AEB5FBF}.Debug|x86.Build.0 = Debug|Any CPU
		{3E9A8DED-38B8-4050-849C-08957AEB5FBF}.Release|Any CPU.ActiveCfg = Release|Any CPU
		{3E9A8DED-38B8-4050-849C-08957AEB5FBF}.Release|Any CPU.Build.0 = Release|Any CPU
		{3E9A8DED-38B8-4050-849C-08957AEB5FBF}.Release|x64.ActiveCfg = Release|Any CPU
		{3E9A8DED-38B8-4050-849C-08957AEB5FBF}.Release|x64.Build.0 = Release|Any CPU
		{3E9A8DED-38B8-4050-849C-08957AEB5FBF}.Release|x86.ActiveCfg = Release|Any CPU
		{3E9A8DED-38B8-4050-849C-08957AEB5FBF}.Release|x86.Build.0 = Release|Any CPU
		{C88A7984-B96D-49A7-80A9-23AB3D0B5EF4}.Debug|Any CPU.ActiveCfg = Debug|Any CPU
		{C88A7984-B96D-49A7-80A9-23AB3D0B5EF4}.Debug|Any CPU.Build.0 = Debug|Any CPU
		{C88A7984-B96D-49A7-80A9-23AB3D0B5EF4}.Debug|x64.ActiveCfg = Debug|Any CPU
		{C88A7984-B96D-49A7-80A9-23AB3D0B5EF4}.Debug|x64.Build.0 = Debug|Any CPU
		{C88A7984-B96D-49A7-80A9-23AB3D0B5EF4}.Debug|x86.ActiveCfg = Debug|Any CPU
		{C88A7984-B96D-49A7-80A9-23AB3D0B5EF4}.Debug|x86.Build.0 = Debug|Any CPU
		{C88A7984-B96D-49A7-80A9-23AB3D0B5EF4}.Release|Any CPU.ActiveCfg = Release|Any CPU
		{C88A7984-B96D-49A7-80A9-23AB3D0B5EF4}.Release|Any CPU.Build.0 = Release|Any CPU
		{C88A7984-B96D-49A7-80A9-23AB3D0B5EF4}.Release|x64.ActiveCfg = Release|Any CPU
		{C88A7984-B96D-49A7-80A9-23AB3D0B5EF4}.Release|x64.Build.0 = Release|Any CPU
		{C88A7984-B96D-49A7-80A9-23AB3D0B5EF4}.Release|x86.ActiveCfg = Release|Any CPU
		{C88A7984-B96D-49A7-80A9-23AB3D0B5EF4}.Release|x86.Build.0 = Release|Any CPU
		{D6656AFF-C6EE-43B2-B471-4C938870E132}.Debug|Any CPU.ActiveCfg = Debug|Any CPU
		{D6656AFF-C6EE-43B2-B471-4C938870E132}.Debug|Any CPU.Build.0 = Debug|Any CPU
		{D6656AFF-C6EE-43B2-B471-4C938870E132}.Debug|x64.ActiveCfg = Debug|Any CPU
		{D6656AFF-C6EE-43B2-B471-4C938870E132}.Debug|x64.Build.0 = Debug|Any CPU
		{D6656AFF-C6EE-43B2-B471-4C938870E132}.Debug|x86.ActiveCfg = Debug|Any CPU
		{D6656AFF-C6EE-43B2-B471-4C938870E132}.Debug|x86.Build.0 = Debug|Any CPU
		{D6656AFF-C6EE-43B2-B471-4C938870E132}.Release|Any CPU.ActiveCfg = Release|Any CPU
		{D6656AFF-C6EE-43B2-B471-4C938870E132}.Release|Any CPU.Build.0 = Release|Any CPU
		{D6656AFF-C6EE-43B2-B471-4C938870E132}.Release|x64.ActiveCfg = Release|Any CPU
		{D6656AFF-C6EE-43B2-B471-4C938870E132}.Release|x64.Build.0 = Release|Any CPU
		{D6656AFF-C6EE-43B2-B471-4C938870E132}.Release|x86.ActiveCfg = Release|Any CPU
		{D6656AFF-C6EE-43B2-B471-4C938870E132}.Release|x86.Build.0 = Release|Any CPU
		{579CC1C5-F17B-485F-A84B-413574E21878}.Debug|Any CPU.ActiveCfg = Debug|Any CPU
		{579CC1C5-F17B-485F-A84B-413574E21878}.Debug|Any CPU.Build.0 = Debug|Any CPU
		{579CC1C5-F17B-485F-A84B-413574E21878}.Debug|x64.ActiveCfg = Debug|Any CPU
		{579CC1C5-F17B-485F-A84B-413574E21878}.Debug|x64.Build.0 = Debug|Any CPU
		{579CC1C5-F17B-485F-A84B-413574E21878}.Debug|x86.ActiveCfg = Debug|Any CPU
		{579CC1C5-F17B-485F-A84B-413574E21878}.Debug|x86.Build.0 = Debug|Any CPU
		{579CC1C5-F17B-485F-A84B-413574E21878}.Release|Any CPU.ActiveCfg = Release|Any CPU
		{579CC1C5-F17B-485F-A84B-413574E21878}.Release|Any CPU.Build.0 = Release|Any CPU
		{579CC1C5-F17B-485F-A84B-413574E21878}.Release|x64.ActiveCfg = Release|Any CPU
		{579CC1C5-F17B-485F-A84B-413574E21878}.Release|x64.Build.0 = Release|Any CPU
		{579CC1C5-F17B-485F-A84B-413574E21878}.Release|x86.ActiveCfg = Release|Any CPU
		{579CC1C5-F17B-485F-A84B-413574E21878}.Release|x86.Build.0 = Release|Any CPU
		{F4929EFD-50C6-4BF9-8B13-4F11EC9B54CA}.Debug|Any CPU.ActiveCfg = Debug|Any CPU
		{F4929EFD-50C6-4BF9-8B13-4F11EC9B54CA}.Debug|Any CPU.Build.0 = Debug|Any CPU
		{F4929EFD-50C6-4BF9-8B13-4F11EC9B54CA}.Debug|x64.ActiveCfg = Debug|Any CPU
		{F4929EFD-50C6-4BF9-8B13-4F11EC9B54CA}.Debug|x64.Build.0 = Debug|Any CPU
		{F4929EFD-50C6-4BF9-8B13-4F11EC9B54CA}.Debug|x86.ActiveCfg = Debug|Any CPU
		{F4929EFD-50C6-4BF9-8B13-4F11EC9B54CA}.Debug|x86.Build.0 = Debug|Any CPU
		{F4929EFD-50C6-4BF9-8B13-4F11EC9B54CA}.Release|Any CPU.ActiveCfg = Release|Any CPU
		{F4929EFD-50C6-4BF9-8B13-4F11EC9B54CA}.Release|Any CPU.Build.0 = Release|Any CPU
		{F4929EFD-50C6-4BF9-8B13-4F11EC9B54CA}.Release|x64.ActiveCfg = Release|Any CPU
		{F4929EFD-50C6-4BF9-8B13-4F11EC9B54CA}.Release|x64.Build.0 = Release|Any CPU
		{F4929EFD-50C6-4BF9-8B13-4F11EC9B54CA}.Release|x86.ActiveCfg = Release|Any CPU
		{F4929EFD-50C6-4BF9-8B13-4F11EC9B54CA}.Release|x86.Build.0 = Release|Any CPU
		{AC9A8886-A523-44B8-B10F-430627F9A123}.Debug|Any CPU.ActiveCfg = Debug|Any CPU
		{AC9A8886-A523-44B8-B10F-430627F9A123}.Debug|Any CPU.Build.0 = Debug|Any CPU
		{AC9A8886-A523-44B8-B10F-430627F9A123}.Debug|x64.ActiveCfg = Debug|Any CPU
		{AC9A8886-A523-44B8-B10F-430627F9A123}.Debug|x64.Build.0 = Debug|Any CPU
		{AC9A8886-A523-44B8-B10F-430627F9A123}.Debug|x86.ActiveCfg = Debug|Any CPU
		{AC9A8886-A523-44B8-B10F-430627F9A123}.Debug|x86.Build.0 = Debug|Any CPU
		{AC9A8886-A523-44B8-B10F-430627F9A123}.Release|Any CPU.ActiveCfg = Release|Any CPU
		{AC9A8886-A523-44B8-B10F-430627F9A123}.Release|Any CPU.Build.0 = Release|Any CPU
		{AC9A8886-A523-44B8-B10F-430627F9A123}.Release|x64.ActiveCfg = Release|Any CPU
		{AC9A8886-A523-44B8-B10F-430627F9A123}.Release|x64.Build.0 = Release|Any CPU
		{AC9A8886-A523-44B8-B10F-430627F9A123}.Release|x86.ActiveCfg = Release|Any CPU
		{AC9A8886-A523-44B8-B10F-430627F9A123}.Release|x86.Build.0 = Release|Any CPU
	EndGlobalSection
	GlobalSection(SolutionProperties) = preSolution
		HideSolutionNode = FALSE
	EndGlobalSection
	GlobalSection(ExtensibilityGlobals) = postSolution
		SolutionGuid = {0DC61ACC-C4B7-41C0-A71F-F1D7A3985973}
	EndGlobalSection
EndGlobal
